Microsoft Visual Studio Solution File, Format Version 12.00
# Visual Studio 2012
Project("{FAE04EC0-301F-11D3-BF4B-00C04F79EFBC}") = "Web Socket Basic", "Web Socket Basic.csproj", "{615DB5CE-3A70-4DA8-A989-9E8E750FADFA}"
EndProject
Global
	GlobalSection(SolutionConfigurationPlatforms) = preSolution
	Debug|Any CPU = Debug|Any CPU
	ExportDebug|Any CPU = ExportDebug|Any CPU
	ExportRelease|Any CPU = ExportRelease|Any CPU
	EndGlobalSection
	GlobalSection(ProjectConfigurationPlatforms) = postSolution
		{615DB5CE-3A70-4DA8-A989-9E8E750FADFA}.Debug|Any CPU.ActiveCfg = Debug|Any CPU
		{615DB5CE-3A70-4DA8-A989-9E8E750FADFA}.Debug|Any CPU.Build.0 = Debug|Any CPU
		{615DB5CE-3A70-4DA8-A989-9E8E750FADFA}.ExportDebug|Any CPU.ActiveCfg = ExportDebug|Any CPU
		{615DB5CE-3A70-4DA8-A989-9E8E750FADFA}.ExportDebug|Any CPU.Build.0 = ExportDebug|Any CPU
		{615DB5CE-3A70-4DA8-A989-9E8E750FADFA}.ExportRelease|Any CPU.ActiveCfg = ExportRelease|Any CPU
		{615DB5CE-3A70-4DA8-A989-9E8E750FADFA}.ExportRelease|Any CPU.Build.0 = ExportRelease|Any CPU
	EndGlobalSection
EndGlobal
